# THIS IS AN AUTOGENERATED FILE. DO NOT EDIT THIS FILE DIRECTLY.
# yarn lockfile v1


"@vant/area-data@^2.1.0":
  version "2.1.0"
  resolved "https://registry.yarnpkg.com/@vant/area-data/-/area-data-2.1.0.tgz#77dc6b3ddde18dc25ee8bfd9431b2c67f37233cd"
  integrity sha512-wx9PrUX7wSUJiFcz8UrcvZfTjV6sTc+7SHcbjGQQzEcv5y+EwOo5uV4ZKdfrR5Hzcw4MA08LQdvXPSEb4nWbug==

"@vant/weapp@^1.11.7":
  version "1.11.7"
  resolved "https://registry.yarnpkg.com/@vant/weapp/-/weapp-1.11.7.tgz#bfd4092970d470719d5e93a6d4ff96746d1cb276"
  integrity sha512-Rwn9BBnb4kHSV4XmvBicwtd42J+amEUfnFDcXJsGNPNX4a9c/DoT6YLsm4X1wB2+sQbdiQsbFBLAvGRBxCkD8g==
